// !$*UTF8*$!
{
	archiveVersion = 1;
	classes = {
	};
	objectVersion = 55;
	objects = {

/* Begin PBXBuildFile section */
		8521A292C1CF17FD8136C7EE /* Pods_LearnObjC.framework in Frameworks */ = {isa = PBXBuildFile; fileRef = 0DF7619533B45A43E4310B51 /* Pods_LearnObjC.framework */; };
		9DB19D4C284CE0BF00CA4A7F /* AppDelegate.m in Sources */ = {isa = PBXBuildFile; fileRef = 9DB19D4B284CE0BF00CA4A7F /* AppDelegate.m */; };
		9DB19D52284CE0BF00CA4A7F /* ViewController.m in Sources */ = {isa = PBXBuildFile; fileRef = 9DB19D51284CE0BF00CA4A7F /* ViewController.m */; };
		9DB19D55284CE0BF00CA4A7F /* Main.storyboard in Resources */ = {isa = PBXBuildFile; fileRef = 9DB19D53284CE0BF00CA4A7F /* Main.storyboard */; };
		9DB19D57284CE0C200CA4A7F /* Assets.xcassets in Resources */ = {isa = PBXBuildFile; fileRef = 9DB19D56284CE0C200CA4A7F /* Assets.xcassets */; };
		9DB19D5A284CE0C200CA4A7F /* LaunchScreen.storyboard in Resources */ = {isa = PBXBuildFile; fileRef = 9DB19D58284CE0C200CA4A7F /* LaunchScreen.storyboard */; };
		9DB19D5D284CE0C200CA4A7F /* main.m in Sources */ = {isa = PBXBuildFile; fileRef = 9DB19D5C284CE0C200CA4A7F /* main.m */; };
		9DC465F728719ED100625391 /* WTApiInterface.m in Sources */ = {isa = PBXBuildFile; fileRef = 9DC465F128719ED100625391 /* WTApiInterface.m */; };
		9DC465F828719ED100625391 /* WTBaseRequest.m in Sources */ = {isa = PBXBuildFile; fileRef = 9DC465F328719ED100625391 /* WTBaseRequest.m */; };
		9DC465F928719ED100625391 /* WTHttpClient.m in Sources */ = {isa = PBXBuildFile; fileRef = 9DC465F428719ED100625391 /* WTHttpClient.m */; };
/* End PBXBuildFile section */

/* Begin PBXFileReference section */
		0DF7619533B45A43E4310B51 /* Pods_LearnObjC.framework */ = {isa = PBXFileReference; explicitFileType = wrapper.framework; includeInIndex = 0; path = Pods_LearnObjC.framework; sourceTree = BUILT_PRODUCTS_DIR; };
		13EAC6F22CD59DA9027D72E2 /* Pods-LearnObjC.release.xcconfig */ = {isa = PBXFileReference; includeInIndex = 1; lastKnownFileType = text.xcconfig; name = "Pods-LearnObjC.release.xcconfig"; path = "Target Support Files/Pods-LearnObjC/Pods-LearnObjC.release.xcconfig"; sourceTree = "<group>"; };
		9DB19D47284CE0BF00CA4A7F /* LearnObjC.app */ = {isa = PBXFileReference; explicitFileType = wrapper.application; includeInIndex = 0; path = LearnObjC.app; sourceTree = BUILT_PRODUCTS_DIR; };
		9DB19D4A284CE0BF00CA4A7F /* AppDelegate.h */ = {isa = PBXFileReference; lastKnownFileType = sourcecode.c.h; path = AppDelegate.h; sourceTree = "<group>"; };
		9DB19D4B284CE0BF00CA4A7F /* AppDelegate.m */ = {isa = PBXFileReference; lastKnownFileType = sourcecode.c.objc; path = AppDelegate.m; sourceTree = "<group>"; };
		9DB19D50284CE0BF00CA4A7F /* ViewController.h */ = {isa = PBXFileReference; lastKnownFileType = sourcecode.c.h; path = ViewController.h; sourceTree = "<group>"; };
		9DB19D51284CE0BF00CA4A7F /* ViewController.m */ = {isa = PBXFileReference; lastKnownFileType = sourcecode.c.objc; path = ViewController.m; sourceTree = "<group>"; };
		9DB19D54284CE0BF00CA4A7F /* Base */ = {isa = PBXFileReference; lastKnownFileType = file.storyboard; name = Base; path = Base.lproj/Main.storyboard; sourceTree = "<group>"; };
		9DB19D56284CE0C200CA4A7F /* Assets.xcassets */ = {isa = PBXFileReference; lastKnownFileType = folder.assetcatalog; path = Assets.xcassets; sourceTree = "<group>"; };
		9DB19D59284CE0C200CA4A7F /* Base */ = {isa = PBXFileReference; lastKnownFileType = file.storyboard; name = Base; path = Base.lproj/LaunchScreen.storyboard; sourceTree = "<group>"; };
		9DB19D5B284CE0C200CA4A7F /* Info.plist */ = {isa = PBXFileReference; lastKnownFileType = text.plist.xml; path = Info.plist; sourceTree = "<group>"; };
		9DB19D5C284CE0C200CA4A7F /* main.m */ = {isa = PBXFileReference; lastKnownFileType = sourcecode.c.objc; path = main.m; sourceTree = "<group>"; };
		9DC465EE28719ED100625391 /* WTApiInterface.h */ = {isa = PBXFileReference; fileEncoding = 4; lastKnownFileType = sourcecode.c.h; path = WTApiInterface.h; sourceTree = "<group>"; };
		9DC465F028719ED100625391 /* BaseAPIConfig.h */ = {isa = PBXFileReference; fileEncoding = 4; lastKnownFileType = sourcecode.c.h; path = BaseAPIConfig.h; sourceTree = "<group>"; };
		9DC465F128719ED100625391 /* WTApiInterface.m */ = {isa = PBXFileReference; fileEncoding = 4; lastKnownFileType = sourcecode.c.objc; path = WTApiInterface.m; sourceTree = "<group>"; };
		9DC465F328719ED100625391 /* WTBaseRequest.m */ = {isa = PBXFileReference; fileEncoding = 4; lastKnownFileType = sourcecode.c.objc; path = WTBaseRequest.m; sourceTree = "<group>"; };
		9DC465F428719ED100625391 /* WTHttpClient.m */ = {isa = PBXFileReference; fileEncoding = 4; lastKnownFileType = sourcecode.c.objc; path = WTHttpClient.m; sourceTree = "<group>"; };
		9DC465F528719ED100625391 /* WTHttpClient.h */ = {isa = PBXFileReference; fileEncoding = 4; lastKnownFileType = sourcecode.c.h; path = WTHttpClient.h; sourceTree = "<group>"; };
		9DC465F628719ED100625391 /* WTBaseRequest.h */ = {isa = PBXFileReference; fileEncoding = 4; lastKnownFileType = sourcecode.c.h; path = WTBaseRequest.h; sourceTree = "<group>"; };
		C433CFE69C877AE41EADAB67 /* Pods-LearnObjC.debug.xcconfig */ = {isa = PBXFileReference; includeInIndex = 1; lastKnownFileType = text.xcconfig; name = "Pods-LearnObjC.debug.xcconfig"; path = "Target Support Files/Pods-LearnObjC/Pods-LearnObjC.debug.xcconfig"; sourceTree = "<group>"; };
/* End PBXFileReference section */

/* Begin PBXFrameworksBuildPhase section */
		9DB19D44284CE0BF00CA4A7F /* Frameworks */ = {
			isa = PBXFrameworksBuildPhase;
			buildActionMask = 2147483647;
			files = (
				8521A292C1CF17FD8136C7EE /* Pods_LearnObjC.framework in Frameworks */,
			);
			runOnlyForDeploymentPostprocessing = 0;
		};
/* End PBXFrameworksBuildPhase section */

/* Begin PBXGroup section */
		64AB1FC7970C8DB8F5F2BF67 /* Pods */ = {
			isa = PBXGroup;
			children = (
				C433CFE69C877AE41EADAB67 /* Pods-LearnObjC.debug.xcconfig */,
				13EAC6F22CD59DA9027D72E2 /* Pods-LearnObjC.release.xcconfig */,
			);
			path = Pods;
			sourceTree = "<group>";
		};
		9DB19D3E284CE0BF00CA4A7F = {
			isa = PBXGroup;
			children = (
				9DB19D49284CE0BF00CA4A7F /* LearnObjC */,
				9DB19D48284CE0BF00CA4A7F /* Products */,
				64AB1FC7970C8DB8F5F2BF67 /* Pods */,
				F3DB7359F4C73DC6C70C84F5 /* Frameworks */,
			);
			sourceTree = "<group>";
		};
		9DB19D48284CE0BF00CA4A7F /* Products */ = {
			isa = PBXGroup;
			children = (
				9DB19D47284CE0BF00CA4A7F /* LearnObjC.app */,
			);
			name = Products;
			sourceTree = "<group>";
		};
		9DB19D49284CE0BF00CA4A7F /* LearnObjC */ = {
			isa = PBXGroup;
			children = (
				9DC465FA28719FDB00625391 /* UIKit */,
				9DC465EC28719E9A00625391 /* Service */,
				9DB19D4A284CE0BF00CA4A7F /* AppDelegate.h */,
				9DB19D4B284CE0BF00CA4A7F /* AppDelegate.m */,
				9DB19D50284CE0BF00CA4A7F /* ViewController.h */,
				9DB19D51284CE0BF00CA4A7F /* ViewController.m */,
				9DB19D53284CE0BF00CA4A7F /* Main.storyboard */,
				9DB19D56284CE0C200CA4A7F /* Assets.xcassets */,
				9DB19D58284CE0C200CA4A7F /* LaunchScreen.storyboard */,
				9DB19D5B284CE0C200CA4A7F /* Info.plist */,
				9DB19D5C284CE0C200CA4A7F /* main.m */,
			);
			path = LearnObjC;
			sourceTree = "<group>";
		};
		9DC465EC28719E9A00625391 /* Service */ = {
			isa = PBXGroup;
			children = (
				9DC465ED28719ED100625391 /* NetWork */,
			);
			path = Service;
			sourceTree = "<group>";
		};
		9DC465ED28719ED100625391 /* NetWork */ = {
			isa = PBXGroup;
			children = (
				9DC465EF28719ED100625391 /* config */,
				9DC465EE28719ED100625391 /* WTApiInterface.h */,
				9DC465F128719ED100625391 /* WTApiInterface.m */,
				9DC465F228719ED100625391 /* base */,
			);
			path = NetWork;
			sourceTree = "<group>";
		};
		9DC465EF28719ED100625391 /* config */ = {
			isa = PBXGroup;
			children = (
				9DC465F028719ED100625391 /* BaseAPIConfig.h */,
			);
			path = config;
			sourceTree = "<group>";
		};
		9DC465F228719ED100625391 /* base */ = {
			isa = PBXGroup;
			children = (
				9DC465F528719ED100625391 /* WTHttpClient.h */,
				9DC465F428719ED100625391 /* WTHttpClient.m */,
				9DC465F628719ED100625391 /* WTBaseRequest.h */,
				9DC465F328719ED100625391 /* WTBaseRequest.m */,
			);
			path = base;
			sourceTree = "<group>";
		};
		9DC465FA28719FDB00625391 /* UIKit */ = {
			isa = PBXGroup;
			children = (
			);
			path = UIKit;
			sourceTree = "<group>";
		};
		F3DB7359F4C73DC6C70C84F5 /* Frameworks */ = {
			isa = PBXGroup;
			children = (
				0DF7619533B45A43E4310B51 /* Pods_LearnObjC.framework */,
			);
			name = Frameworks;
			sourceTree = "<group>";
		};
/* End PBXGroup section */

/* Begin PBXNativeTarget section */
		9DB19D46284CE0BF00CA4A7F /* LearnObjC */ = {
			isa = PBXNativeTarget;
			buildConfigurationList = 9DB19D60284CE0C200CA4A7F /* Build configuration list for PBXNativeTarget "LearnObjC" */;
			buildPhases = (
				7DAE6367DCCE2A3A0413560C /* [CP] Check Pods Manifest.lock */,
				9DB19D43284CE0BF00CA4A7F /* Sources */,
				9DB19D44284CE0BF00CA4A7F /* Frameworks */,
				9DB19D45284CE0BF00CA4A7F /* Resources */,
				6CD5CD19798C812478B216E4 /* [CP] Embed Pods Frameworks */,
			);
			buildRules = (
			);
			dependencies = (
			);
			name = LearnObjC;
			productName = LearnObjC;
			productReference = 9DB19D47284CE0BF00CA4A7F /* LearnObjC.app */;
			productType = "com.apple.product-type.application";
		};
/* End PBXNativeTarget section */

/* Begin PBXProject section */
		9DB19D3F284CE0BF00CA4A7F /* Project object */ = {
			isa = PBXProject;
			attributes = {
				BuildIndependentTargetsInParallel = 1;
				LastUpgradeCheck = 1320;
				TargetAttributes = {
					9DB19D46284CE0BF00CA4A7F = {
						CreatedOnToolsVersion = 13.2.1;
					};
				};
			};
			buildConfigurationList = 9DB19D42284CE0BF00CA4A7F /* Build configuration list for PBXProject "LearnObjC" */;
			compatibilityVersion = "Xcode 13.0";
			developmentRegion = en;
			hasScannedForEncodings = 0;
			knownRegions = (
				en,
				Base,
			);
			mainGroup = 9DB19D3E284CE0BF00CA4A7F;
			productRefGroup = 9DB19D48284CE0BF00CA4A7F /* Products */;
			projectDirPath = "";
			projectRoot = "";
			targets = (
				9DB19D46284CE0BF00CA4A7F /* LearnObjC */,
			);
		};
/* End PBXProject section */

/* Begin PBXResourcesBuildPhase section */
		9DB19D45284CE0BF00CA4A7F /* Resources */ = {
			isa = PBXResourcesBuildPhase;
			buildActionMask = 2147483647;
			files = (
				9DB19D5A284CE0C200CA4A7F /* LaunchScreen.storyboard in Resources */,
				9DB19D57284CE0C200CA4A7F /* Assets.xcassets in Resources */,
				9DB19D55284CE0BF00CA4A7F /* Main.storyboard in Resources */,
			);
			runOnlyForDeploymentPostprocessing = 0;
		};
/* End PBXResourcesBuildPhase section */

/* Begin PBXShellScriptBuildPhase section */
		6CD5CD19798C812478B216E4 /* [CP] Embed Pods Frameworks */ = {
			isa = PBXShellScriptBuildPhase;
			buildActionMask = 2147483647;
			files = (
			);
			inputFileListPaths = (
				"${PODS_ROOT}/Target Support Files/Pods-LearnObjC/Pods-LearnObjC-frameworks-${CONFIGURATION}-input-files.xcfilelist",
			);
			name = "[CP] Embed Pods Frameworks";
			outputFileListPaths = (
				"${PODS_ROOT}/Target Support Files/Pods-LearnObjC/Pods-LearnObjC-frameworks-${CONFIGURATION}-output-files.xcfilelist",
			);
			runOnlyForDeploymentPostprocessing = 0;
			shellPath = /bin/sh;
			shellScript = "\"${PODS_ROOT}/Target Support Files/Pods-LearnObjC/Pods-LearnObjC-frameworks.sh\"\n";
			showEnvVarsInLog = 0;
		};
		7DAE6367DCCE2A3A0413560C /* [CP] Check Pods Manifest.lock */ = {
			isa = PBXShellScriptBuildPhase;
			buildActionMask = 2147483647;
			files = (
			);
			inputFileListPaths = (
			);
			inputPaths = (
				"${PODS_PODFILE_DIR_PATH}/Podfile.lock",
				"${PODS_ROOT}/Manifest.lock",
			);
			name = "[CP] Check Pods Manifest.lock";
			outputFileListPaths = (
			);
			outputPaths = (
				"$(DERIVED_FILE_DIR)/Pods-LearnObjC-checkManifestLockResult.txt",
			);
			runOnlyForDeploymentPostprocessing = 0;
			shellPath = /bin/sh;
			shellScript = "diff \"${PODS_PODFILE_DIR_PATH}/Podfile.lock\" \"${PODS_ROOT}/Manifest.lock\" > /dev/null\nif [ $? != 0 ] ; then\n    # print error to STDERR\n    echo \"error: The sandbox is not in sync with the Podfile.lock. Run 'pod install' or update your CocoaPods installation.\" >&2\n    exit 1\nfi\n# This output is used by Xcode 'outputs' to avoid re-running this script phase.\necho \"SUCCESS\" > \"${SCRIPT_OUTPUT_FILE_0}\"\n";
			showEnvVarsInLog = 0;
		};
/* End PBXShellScriptBuildPhase section */

/* Begin PBXSourcesBuildPhase section */
		9DB19D43284CE0BF00CA4A7F /* Sources */ = {
			isa = PBXSourcesBuildPhase;
			buildActionMask = 2147483647;
			files = (
				9DB19D52284CE0BF00CA4A7F /* ViewController.m in Sources */,
				9DC465F928719ED100625391 /* WTHttpClient.m in Sources */,
				9DC465F828719ED100625391 /* WTBaseRequest.m in Sources */,
				9DC465F728719ED100625391 /* WTApiInterface.m in Sources */,
				9DB19D4C284CE0BF00CA4A7F /* AppDelegate.m in Sources */,
				9DB19D5D284CE0C200CA4A7F /* main.m in Sources */,
			);
			runOnlyForDeploymentPostprocessing = 0;
		};
/* End PBXSourcesBuildPhase section */

/* Begin PBXVariantGroup section */
		9DB19D53284CE0BF00CA4A7F /* Main.storyboard */ = {
			isa = PBXVariantGroup;
			children = (
				9DB19D54284CE0BF00CA4A7F /* Base */,
			);
			name = Main.storyboard;
			sourceTree = "<group>";
		};
		9DB19D58284CE0C200CA4A7F /* LaunchScreen.storyboard */ = {
			isa = PBXVariantGroup;
			children = (
				9DB19D59284CE0C200CA4A7F /* Base */,
			);
			name = LaunchScreen.storyboard;
			sourceTree = "<group>";
		};
/* End PBXVariantGroup section */

/* Begin XCBuildConfiguration section */
		9DB19D5E284CE0C200CA4A7F /* Debug */ = {
			isa = XCBuildConfiguration;
			buildSettings = {
				ALWAYS_SEARCH_USER_PATHS = NO;
				CLANG_ANALYZER_NONNULL = YES;
				CLANG_ANALYZER_NUMBER_OBJECT_CONVERSION = YES_AGGRESSIVE;
				CLANG_CXX_LANGUAGE_STANDARD = "gnu++17";
				CLANG_CXX_LIBRARY = "libc++";
				CLANG_ENABLE_MODULES = YES;
				CLANG_ENABLE_OBJC_ARC = YES;
				CLANG_ENABLE_OBJC_WEAK = YES;
				CLANG_WARN_BLOCK_CAPTURE_AUTORELEASING = YES;
				CLANG_WARN_BOOL_CONVERSION = YES;
				CLANG_WARN_COMMA = YES;
				CLANG_WARN_CONSTANT_CONVERSION = YES;
				CLANG_WARN_DEPRECATED_OBJC_IMPLEMENTATIONS = YES;
				CLANG_WARN_DIRECT_OBJC_ISA_USAGE = YES_ERROR;
				CLANG_WARN_DOCUMENTATION_COMMENTS = YES;
				CLANG_WARN_EMPTY_BODY = YES;
				CLANG_WARN_ENUM_CONVERSION = YES;
				CLANG_WARN_INFINITE_RECURSION = YES;
				CLANG_WARN_INT_CONVERSION = YES;
				CLANG_WARN_NON_LITERAL_NULL_CONVERSION = YES;
				CLANG_WARN_OBJC_IMPLICIT_RETAIN_SELF = YES;
				CLANG_WARN_OBJC_LITERAL_CONVERSION = YES;
				CLANG_WARN_OBJC_ROOT_CLASS = YES_ERROR;
				CLANG_WARN_QUOTED_INCLUDE_IN_FRAMEWORK_HEADER = YES;
				CLANG_WARN_RANGE_LOOP_ANALYSIS = YES;
				CLANG_WARN_STRICT_PROTOTYPES = YES;
				CLANG_WARN_SUSPICIOUS_MOVE = YES;
				CLANG_WARN_UNGUARDED_AVAILABILITY = YES_AGGRESSIVE;
				CLANG_WARN_UNREACHABLE_CODE = YES;
				CLANG_WARN__DUPLICATE_METHOD_MATCH = YES;
				COPY_PHASE_STRIP = NO;
				DEBUG_INFORMATION_FORMAT = dwarf;
				ENABLE_STRICT_OBJC_MSGSEND = YES;
				ENABLE_TESTABILITY = YES;
				GCC_C_LANGUAGE_STANDARD = gnu11;
				GCC_DYNAMIC_NO_PIC = NO;
				GCC_NO_COMMON_BLOCKS = YES;
				GCC_OPTIMIZATION_LEVEL = 0;
				GCC_PREPROCESSOR_DEFINITIONS = (
					"DEBUG=1",
					"$(inherited)",
				);
				GCC_WARN_64_TO_32_BIT_CONVERSION = YES;
				GCC_WARN_ABOUT_RETURN_TYPE = YES_ERROR;
				GCC_WARN_UNDECLARED_SELECTOR = YES;
				GCC_WARN_UNINITIALIZED_AUTOS = YES_AGGRESSIVE;
				GCC_WARN_UNUSED_FUNCTION = YES;
				GCC_WARN_UNUSED_VARIABLE = YES;
				IPHONEOS_DEPLOYMENT_TARGET = 15.2;
				MTL_ENABLE_DEBUG_INFO = INCLUDE_SOURCE;
				MTL_FAST_MATH = YES;
				ONLY_ACTIVE_ARCH = YES;
				SDKROOT = iphoneos;
			};
			name = Debug;
		};
		9DB19D5F284CE0C200CA4A7F /* Release */ = {
			isa = XCBuildConfiguration;
			buildSettings = {
				ALWAYS_SEARCH_USER_PATHS = NO;
				CLANG_ANALYZER_NONNULL = YES;
				CLANG_ANALYZER_NUMBER_OBJECT_CONVERSION = YES_AGGRESSIVE;
				CLANG_CXX_LANGUAGE_STANDARD = "gnu++17";
				CLANG_CXX_LIBRARY = "libc++";
				CLANG_ENABLE_MODULES = YES;
				CLANG_ENABLE_OBJC_ARC = YES;
				CLANG_ENABLE_OBJC_WEAK = YES;
				CLANG_WARN_BLOCK_CAPTURE_AUTORELEASING = YES;
				CLANG_WARN_BOOL_CONVERSION = YES;
				CLANG_WARN_COMMA = YES;
				CLANG_WARN_CONSTANT_CONVERSION = YES;
				CLANG_WARN_DEPRECATED_OBJC_IMPLEMENTATIONS = YES;
				CLANG_WARN_DIRECT_OBJC_ISA_USAGE = YES_ERROR;
				CLANG_WARN_DOCUMENTATION_COMMENTS = YES;
				CLANG_WARN_EMPTY_BODY = YES;
				CLANG_WARN_ENUM_CONVERSION = YES;
				CLANG_WARN_INFINITE_RECURSION = YES;
				CLANG_WARN_INT_CONVERSION = YES;
				CLANG_WARN_NON_LITERAL_NULL_CONVERSION = YES;
				CLANG_WARN_OBJC_IMPLICIT_RETAIN_SELF = YES;
				CLANG_WARN_OBJC_LITERAL_CONVERSION = YES;
				CLANG_WARN_OBJC_ROOT_CLASS = YES_ERROR;
				CLANG_WARN_QUOTED_INCLUDE_IN_FRAMEWORK_HEADER = YES;
				CLANG_WARN_RANGE_LOOP_ANALYSIS = YES;
				CLANG_WARN_STRICT_PROTOTYPES = YES;
				CLANG_WARN_SUSPICIOUS_MOVE = YES;
				CLANG_WARN_UNGUARDED_AVAILABILITY = YES_AGGRESSIVE;
				CLANG_WARN_UNREACHABLE_CODE = YES;
				CLANG_WARN__DUPLICATE_METHOD_MATCH = YES;
				COPY_PHASE_STRIP = NO;
				DEBUG_INFORMATION_FORMAT = "dwarf-with-dsym";
				ENABLE_NS_ASSERTIONS = NO;
				ENABLE_STRICT_OBJC_MSGSEND = YES;
				GCC_C_LANGUAGE_STANDARD = gnu11;
				GCC_NO_COMMON_BLOCKS = YES;
				GCC_WARN_64_TO_32_BIT_CONVERSION = YES;
				GCC_WARN_ABOUT_RETURN_TYPE = YES_ERROR;
				GCC_WARN_UNDECLARED_SELECTOR = YES;
				GCC_WARN_UNINITIALIZED_AUTOS = YES_AGGRESSIVE;
				GCC_WARN_UNUSED_FUNCTION = YES;
				GCC_WARN_UNUSED_VARIABLE = YES;
				IPHONEOS_DEPLOYMENT_TARGET = 15.2;
				MTL_ENABLE_DEBUG_INFO = NO;
				MTL_FAST_MATH = YES;
				SDKROOT = iphoneos;
				VALIDATE_PRODUCT = YES;
			};
			name = Release;
		};
		9DB19D61284CE0C200CA4A7F /* Debug */ = {
			isa = XCBuildConfiguration;
			baseConfigurationReference = C433CFE69C877AE41EADAB67 /* Pods-LearnObjC.debug.xcconfig */;
			buildSettings = {
				ASSETCATALOG_COMPILER_APPICON_NAME = AppIcon;
				ASSETCATALOG_COMPILER_GLOBAL_ACCENT_COLOR_NAME = AccentColor;
				CODE_SIGN_STYLE = Automatic;
				CURRENT_PROJECT_VERSION = 1;
				DEVELOPMENT_TEAM = 687G9WNK6U;
				GENERATE_INFOPLIST_FILE = YES;
				INFOPLIST_FILE = LearnObjC/Info.plist;
				INFOPLIST_KEY_UIApplicationSupportsIndirectInputEvents = YES;
				INFOPLIST_KEY_UILaunchStoryboardName = LaunchScreen;
				INFOPLIST_KEY_UISupportedInterfaceOrientations_iPad = "UIInterfaceOrientationPortrait UIInterfaceOrientationPortraitUpsideDown UIInterfaceOrientationLandscapeLeft UIInterfaceOrientationLandscapeRight";
				INFOPLIST_KEY_UISupportedInterfaceOrientations_iPhone = "UIInterfaceOrientationPortrait UIInterfaceOrientationLandscapeLeft UIInterfaceOrientationLandscapeRight";
				IPHONEOS_DEPLOYMENT_TARGET = 11.0;
				LD_RUNPATH_SEARCH_PATHS = (
					"$(inherited)",
					"@executable_path/Frameworks",
				);
				MARKETING_VERSION = 1.0;
				PRODUCT_BUNDLE_IDENTIFIER = com.czeras.LearnObjC;
				PRODUCT_NAME = "$(TARGET_NAME)";
				SWIFT_EMIT_LOC_STRINGS = YES;
				TARGETED_DEVICE_FAMILY = 1;
			};
			name = Debug;
		};
		9DB19D62284CE0C200CA4A7F /* Release */ = {
			isa = XCBuildConfiguration;
			baseConfigurationReference = 13EAC6F22CD59DA9027D72E2 /* Pods-LearnObjC.release.xcconfig */;
			buildSettings = {
				ASSETCATALOG_COMPILER_APPICON_NAME = AppIcon;
				ASSETCATALOG_COMPILER_GLOBAL_ACCENT_COLOR_NAME = AccentColor;
				CODE_SIGN_STYLE = Automatic;
				CURRENT_PROJECT_VERSION = 1;
				DEVELOPMENT_TEAM = 687G9WNK6U;
				GENERATE_INFOPLIST_FILE = YES;
				INFOPLIST_FILE = LearnObjC/Info.plist;
				INFOPLIST_KEY_UIApplicationSupportsIndirectInputEvents = YES;
				INFOPLIST_KEY_UILaunchStoryboardName = LaunchScreen;
				INFOPLIST_KEY_UISupportedInterfaceOrientations_iPad = "UIInterfaceOrientationPortrait UIInterfaceOrientationPortraitUpsideDown UIInterfaceOrientationLandscapeLeft UIInterfaceOrientationLandscapeRight";
				INFOPLIST_KEY_UISupportedInterfaceOrientations_iPhone = "UIInterfaceOrientationPortrait UIInterfaceOrientationLandscapeLeft UIInterfaceOrientationLandscapeRight";
				IPHONEOS_DEPLOYMENT_TARGET = 11.0;
				LD_RUNPATH_SEARCH_PATHS = (
					"$(inherited)",
					"@executable_path/Frameworks",
				);
				MARKETING_VERSION = 1.0;
				PRODUCT_BUNDLE_IDENTIFIER = com.czeras.LearnObjC;
				PRODUCT_NAME = "$(TARGET_NAME)";
				SWIFT_EMIT_LOC_STRINGS = YES;
				TARGETED_DEVICE_FAMILY = 1;
			};
			name = Release;
		};
/* End XCBuildConfiguration section */

/* Begin XCConfigurationList section */
		9DB19D42284CE0BF00CA4A7F /* Build configuration list for PBXProject "LearnObjC" */ = {
			isa = XCConfigurationList;
			buildConfigurations = (
				9DB19D5E284CE0C200CA4A7F /* Debug */,
				9DB19D5F284CE0C200CA4A7F /* Release */,
			);
			defaultConfigurationIsVisible = 0;
			defaultConfigurationName = Release;
		};
		9DB19D60284CE0C200CA4A7F /* Build configuration list for PBXNativeTarget "LearnObjC" */ = {
			isa = XCConfigurationList;
			buildConfigurations = (
				9DB19D61284CE0C200CA4A7F /* Debug */,
				9DB19D62284CE0C200CA4A7F /* Release */,
			);
			defaultConfigurationIsVisible = 0;
			defaultConfigurationName = Release;
		};
/* End XCConfigurationList section */
	};
	rootObject = 9DB19D3F284CE0BF00CA4A7F /* Project object */;
}
